{
  "name": "@rbxts/sift",
  "version": "0.0.1",
  "lockfileVersion": 2,
  "requires": true,
  "packages": {
    "": {
      "name": "@rbxts/sift",
      "version": "0.0.1",
      "license": "MIT",
      "devDependencies": {
        "@rbxts/compiler-types": "^1.1.0-types.0",
        "@rbxts/types": "^1.0.469"
      }
    },
    "node_modules/@rbxts/compiler-types": {
      "version": "1.1.0-types.0",
      "resolved": "https://registry.npmjs.org/@rbxts/compiler-types/-/compiler-types-1.1.0-types.0.tgz",
      "integrity": "sha512-EbZLA0cMkOw1jR7SI5Als2Uo4R+w0SHJwzun4LuI9czpe0u5x1VOMWDIMg8eskYl3Djmc5cnK69VgrpVZL08gA==",
      "dev": true
    },
    "node_modules/@rbxts/types": {
      "version": "1.0.591",
      "resolved": "https://registry.npmjs.org/@rbxts/types/-/types-1.0.591.tgz",
      "integrity": "sha512-72lPUo6ecDxwdL8MhAgyFZiNQ6+/8hSHZDW8IcP6IRdHKn4zq9ABwsQjeIsWuKSI/EgG6k9LrTAdcG9FDaxUYw==",
      "dev": true
    }
  },
  "dependencies": {
    "@rbxts/compiler-types": {
      "version": "1.1.0-types.0",
      "resolved": "https://registry.npmjs.org/@rbxts/compiler-types/-/compiler-types-1.1.0-types.0.tgz",
      "integrity": "sha512-EbZLA0cMkOw1jR7SI5Als2Uo4R+w0SHJwzun4LuI9czpe0u5x1VOMWDIMg8eskYl3Djmc5cnK69VgrpVZL08gA==",
      "dev": true
    },
    "@rbxts/types": {
      "version": "1.0.591",
      "resolved": "https://registry.npmjs.org/@rbxts/types/-/types-1.0.591.tgz",
      "integrity": "sha512-72lPUo6ecDxwdL8MhAgyFZiNQ6+/8hSHZDW8IcP6IRdHKn4zq9ABwsQjeIsWuKSI/EgG6k9LrTAdcG9FDaxUYw==",
      "dev": true
    }
  }
}
